
Microsoft Visual Studio Solution File, Format Version 12.00
# Visual Studio Version 16
VisualStudioVersion = 25.0.1705.1
MinimumVisualStudioVersion = 10.0.40219.1
Project("{FAE04EC0-301F-11D3-BF4B-00C04F79EFBC}") = "CAB301_Assingment3", "CAB301_Assingment3.csproj", "{21057A49-8FE9-4522-B605-10E707CF7D34}"
EndProject
Global
	GlobalSection(SolutionConfigurationPlatforms) = preSolution
		Debug|Any CPU = Debug|Any CPU
		Release|Any CPU = Release|Any CPU
	EndGlobalSection
	GlobalSection(ProjectConfigurationPlatforms) = postSolution
		{21057A49-8FE9-4522-B605-10E707CF7D34}.Debug|Any CPU.ActiveCfg = Debug|Any CPU
		{21057A49-8FE9-4522-B605-10E707CF7D34}.Debug|Any CPU.Build.0 = Debug|Any CPU
		{21057A49-8FE9-4522-B605-10E707CF7D34}.Release|Any CPU.ActiveCfg = Release|Any CPU
		{21057A49-8FE9-4522-B605-10E707CF7D34}.Release|Any CPU.Build.0 = Release|Any CPU
	EndGlobalSection
	GlobalSection(SolutionProperties) = preSolution
		HideSolutionNode = FALSE
	EndGlobalSection
	GlobalSection(ExtensibilityGlobals) = postSolution
		SolutionGuid = {AF97FAC7-1BDF-4BCA-857C-B2C37C639DFF}
	EndGlobalSection
EndGlobal
